
Microsoft Visual Studio Solution File, Format Version 12.00
# Visual Studio Version 17
VisualStudioVersion = 17.4.33103.184
MinimumVisualStudioVersion = 10.0.40219.1
Project("{FAE04EC0-301F-11D3-BF4B-00C04F79EFBC}") = "WordleTrainerServer", "WordleTrainerServer\WordleTrainerServer.csproj", "{14D316D2-20AD-4845-BA40-AFCA34C80808}"
EndProject
Global
	GlobalSection(SolutionConfigurationPlatforms) = preSolution
		Debug|Any CPU = Debug|Any CPU
		Release|Any CPU = Release|Any CPU
	EndGlobalSection
	GlobalSection(ProjectConfigurationPlatforms) = postSolution
		{14D316D2-20AD-4845-BA40-AFCA34C80808}.Debug|Any CPU.ActiveCfg = Debug|Any CPU
		{14D316D2-20AD-4845-BA40-AFCA34C80808}.Debug|Any CPU.Build.0 = Debug|Any CPU
		{14D316D2-20AD-4845-BA40-AFCA34C80808}.Release|Any CPU.ActiveCfg = Release|Any CPU
		{14D316D2-20AD-4845-BA40-AFCA34C80808}.Release|Any CPU.Build.0 = Release|Any CPU
	EndGlobalSection
	GlobalSection(SolutionProperties) = preSolution
		HideSolutionNode = FALSE
	EndGlobalSection
	GlobalSection(ExtensibilityGlobals) = postSolution
		SolutionGuid = {9809B664-C494-41E7-8EC2-7E3FB61350DB}
	EndGlobalSection
EndGlobal
